
Microsoft Visual Studio Solution File, Format Version 12.00
# Visual Studio Version 17
VisualStudioVersion = 17.0.32014.148
MinimumVisualStudioVersion = 10.0.40219.1
Project("{9A19103F-16F7-4668-BE54-9A1E7A4F7556}") = "DataAccsess", "DataAccsess\DataAccsess.csproj", "{B74B96CD-CFDF-4858-9576-23B95AD7767D}"
EndProject
Project("{9A19103F-16F7-4668-BE54-9A1E7A4F7556}") = "Business", "Business\Business.csproj", "{1E442148-D93A-4869-9C3F-70DCB928472F}"
EndProject
Project("{9A19103F-16F7-4668-BE54-9A1E7A4F7556}") = "Etities", "Etities\Etities.csproj", "{96F777F7-096D-4973-991B-6E95AFCF620F}"
EndProject
Project("{9A19103F-16F7-4668-BE54-9A1E7A4F7556}") = "ConsoleUI", "ConsoleUI\ConsoleUI.csproj", "{D1AB8E1D-521D-4108-9F7B-852E7A94D939}"
EndProject
Project("{9A19103F-16F7-4668-BE54-9A1E7A4F7556}") = "Core", "..\MyFinalProject\Core\Core.csproj", "{0C1833E3-6F97-488E-AC3C-C8D160DA9B28}"
EndProject
Project("{FAE04EC0-301F-11D3-BF4B-00C04F79EFBC}") = "WebAPI", "WebAPI\WebAPI.csproj", "{837ED28D-FB1F-41F5-921F-D41930608E98}"
EndProject
Global
	GlobalSection(SolutionConfigurationPlatforms) = preSolution
		Debug|Any CPU = Debug|Any CPU
		Release|Any CPU = Release|Any CPU
	EndGlobalSection
	GlobalSection(ProjectConfigurationPlatforms) = postSolution
		{B74B96CD-CFDF-4858-9576-23B95AD7767D}.Debug|Any CPU.ActiveCfg = Debug|Any CPU
		{B74B96CD-CFDF-4858-9576-23B95AD7767D}.Debug|Any CPU.Build.0 = Debug|Any CPU
		{B74B96CD-CFDF-4858-9576-23B95AD7767D}.Release|Any CPU.ActiveCfg = Release|Any CPU
		{B74B96CD-CFDF-4858-9576-23B95AD7767D}.Release|Any CPU.Build.0 = Release|Any CPU
		{1E442148-D93A-4869-9C3F-70DCB928472F}.Debug|Any CPU.ActiveCfg = Debug|Any CPU
		{1E442148-D93A-4869-9C3F-70DCB928472F}.Debug|Any CPU.Build.0 = Debug|Any CPU
		{1E442148-D93A-4869-9C3F-70DCB928472F}.Release|Any CPU.ActiveCfg = Release|Any CPU
		{1E442148-D93A-4869-9C3F-70DCB928472F}.Release|Any CPU.Build.0 = Release|Any CPU
		{96F777F7-096D-4973-991B-6E95AFCF620F}.Debug|Any CPU.ActiveCfg = Debug|Any CPU
		{96F777F7-096D-4973-991B-6E95AFCF620F}.Debug|Any CPU.Build.0 = Debug|Any CPU
		{96F777F7-096D-4973-991B-6E95AFCF620F}.Release|Any CPU.ActiveCfg = Release|Any CPU
		{96F777F7-096D-4973-991B-6E95AFCF620F}.Release|Any CPU.Build.0 = Release|Any CPU
		{D1AB8E1D-521D-4108-9F7B-852E7A94D939}.Debug|Any CPU.ActiveCfg = Debug|Any CPU
		{D1AB8E1D-521D-4108-9F7B-852E7A94D939}.Debug|Any CPU.Build.0 = Debug|Any CPU
		{D1AB8E1D-521D-4108-9F7B-852E7A94D939}.Release|Any CPU.ActiveCfg = Release|Any CPU
		{D1AB8E1D-521D-4108-9F7B-852E7A94D939}.Release|Any CPU.Build.0 = Release|Any CPU
		{0C1833E3-6F97-488E-AC3C-C8D160DA9B28}.Debug|Any CPU.ActiveCfg = Debug|Any CPU
		{0C1833E3-6F97-488E-AC3C-C8D160DA9B28}.Debug|Any CPU.Build.0 = Debug|Any CPU
		{0C1833E3-6F97-488E-AC3C-C8D160DA9B28}.Release|Any CPU.ActiveCfg = Release|Any CPU
		{0C1833E3-6F97-488E-AC3C-C8D160DA9B28}.Release|Any CPU.Build.0 = Release|Any CPU
		{837ED28D-FB1F-41F5-921F-D41930608E98}.Debug|Any CPU.ActiveCfg = Debug|Any CPU
		{837ED28D-FB1F-41F5-921F-D41930608E98}.Debug|Any CPU.Build.0 = Debug|Any CPU
		{837ED28D-FB1F-41F5-921F-D41930608E98}.Release|Any CPU.ActiveCfg = Release|Any CPU
		{837ED28D-FB1F-41F5-921F-D41930608E98}.Release|Any CPU.Build.0 = Release|Any CPU
	EndGlobalSection
	GlobalSection(SolutionProperties) = preSolution
		HideSolutionNode = FALSE
	EndGlobalSection
	GlobalSection(ExtensibilityGlobals) = postSolution
		SolutionGuid = {151FF26F-C320-4A54-B0B9-CE62CB534E4E}
	EndGlobalSection
EndGlobal
